
Microsoft Visual Studio Solution File, Format Version 12.00
# Visual Studio Version 17
VisualStudioVersion = 17.8.34004.107
MinimumVisualStudioVersion = 10.0.40219.1
Project("{FAE04EC0-301F-11D3-BF4B-00C04F79EFBC}") = "Module06practice", "Module06practice\Module06practice.csproj", "{2F0CAFA7-32AE-4A89-8F9B-1952D57ADEAA}"
EndProject
Global
	GlobalSection(SolutionConfigurationPlatforms) = preSolution
		Debug|Any CPU = Debug|Any CPU
		Release|Any CPU = Release|Any CPU
	EndGlobalSection
	GlobalSection(ProjectConfigurationPlatforms) = postSolution
		{2F0CAFA7-32AE-4A89-8F9B-1952D57ADEAA}.Debug|Any CPU.ActiveCfg = Debug|Any CPU
		{2F0CAFA7-32AE-4A89-8F9B-1952D57ADEAA}.Debug|Any CPU.Build.0 = Debug|Any CPU
		{2F0CAFA7-32AE-4A89-8F9B-1952D57ADEAA}.Release|Any CPU.ActiveCfg = Release|Any CPU
		{2F0CAFA7-32AE-4A89-8F9B-1952D57ADEAA}.Release|Any CPU.Build.0 = Release|Any CPU
	EndGlobalSection
	GlobalSection(SolutionProperties) = preSolution
		HideSolutionNode = FALSE
	EndGlobalSection
	GlobalSection(ExtensibilityGlobals) = postSolution
		SolutionGuid = {CA7D4042-5BB2-4E0D-A7B6-C77B88B3B443}
	EndGlobalSection
EndGlobal
